
Microsoft Visual Studio Solution File, Format Version 12.00
# Visual Studio 15
VisualStudioVersion = 15.0.26124.0
MinimumVisualStudioVersion = 15.0.26124.0
Project("{F2A71F9B-5D33-465A-A702-920D77279786}") = "Interpreter", "Interpreter\Interpreter.fsproj", "{ABFE83D4-9C07-4042-A50A-C72CDF8D9FFC}"
EndProject
Project("{F2A71F9B-5D33-465A-A702-920D77279786}") = "Interpreter.Tests", "Interpreter.Tests\Interpreter.Tests.fsproj", "{FE2E3C2F-4314-4D94-8330-ABDC8C2FFEB3}"
EndProject
Global
	GlobalSection(SolutionConfigurationPlatforms) = preSolution
		Debug|Any CPU = Debug|Any CPU
		Debug|x64 = Debug|x64
		Debug|x86 = Debug|x86
		Release|Any CPU = Release|Any CPU
		Release|x64 = Release|x64
		Release|x86 = Release|x86
	EndGlobalSection
	GlobalSection(SolutionProperties) = preSolution
		HideSolutionNode = FALSE
	EndGlobalSection
	GlobalSection(ProjectConfigurationPlatforms) = postSolution
		{ABFE83D4-9C07-4042-A50A-C72CDF8D9FFC}.Debug|Any CPU.ActiveCfg = Debug|Any CPU
		{ABFE83D4-9C07-4042-A50A-C72CDF8D9FFC}.Debug|Any CPU.Build.0 = Debug|Any CPU
		{ABFE83D4-9C07-4042-A50A-C72CDF8D9FFC}.Debug|x64.ActiveCfg = Debug|Any CPU
		{ABFE83D4-9C07-4042-A50A-C72CDF8D9FFC}.Debug|x64.Build.0 = Debug|Any CPU
		{ABFE83D4-9C07-4042-A50A-C72CDF8D9FFC}.Debug|x86.ActiveCfg = Debug|Any CPU
		{ABFE83D4-9C07-4042-A50A-C72CDF8D9FFC}.Debug|x86.Build.0 = Debug|Any CPU
		{ABFE83D4-9C07-4042-A50A-C72CDF8D9FFC}.Release|Any CPU.ActiveCfg = Release|Any CPU
		{ABFE83D4-9C07-4042-A50A-C72CDF8D9FFC}.Release|Any CPU.Build.0 = Release|Any CPU
		{ABFE83D4-9C07-4042-A50A-C72CDF8D9FFC}.Release|x64.ActiveCfg = Release|Any CPU
		{ABFE83D4-9C07-4042-A50A-C72CDF8D9FFC}.Release|x64.Build.0 = Release|Any CPU
		{ABFE83D4-9C07-4042-A50A-C72CDF8D9FFC}.Release|x86.ActiveCfg = Release|Any CPU
		{ABFE83D4-9C07-4042-A50A-C72CDF8D9FFC}.Release|x86.Build.0 = Release|Any CPU
		{FE2E3C2F-4314-4D94-8330-ABDC8C2FFEB3}.Debug|Any CPU.ActiveCfg = Debug|Any CPU
		{FE2E3C2F-4314-4D94-8330-ABDC8C2FFEB3}.Debug|Any CPU.Build.0 = Debug|Any CPU
		{FE2E3C2F-4314-4D94-8330-ABDC8C2FFEB3}.Debug|x64.ActiveCfg = Debug|Any CPU
		{FE2E3C2F-4314-4D94-8330-ABDC8C2FFEB3}.Debug|x64.Build.0 = Debug|Any CPU
		{FE2E3C2F-4314-4D94-8330-ABDC8C2FFEB3}.Debug|x86.ActiveCfg = Debug|Any CPU
		{FE2E3C2F-4314-4D94-8330-ABDC8C2FFEB3}.Debug|x86.Build.0 = Debug|Any CPU
		{FE2E3C2F-4314-4D94-8330-ABDC8C2FFEB3}.Release|Any CPU.ActiveCfg = Release|Any CPU
		{FE2E3C2F-4314-4D94-8330-ABDC8C2FFEB3}.Release|Any CPU.Build.0 = Release|Any CPU
		{FE2E3C2F-4314-4D94-8330-ABDC8C2FFEB3}.Release|x64.ActiveCfg = Release|Any CPU
		{FE2E3C2F-4314-4D94-8330-ABDC8C2FFEB3}.Release|x64.Build.0 = Release|Any CPU
		{FE2E3C2F-4314-4D94-8330-ABDC8C2FFEB3}.Release|x86.ActiveCfg = Release|Any CPU
		{FE2E3C2F-4314-4D94-8330-ABDC8C2FFEB3}.Release|x86.Build.0 = Release|Any CPU
	EndGlobalSection
EndGlobal
