
Microsoft Visual Studio Solution File, Format Version 12.00
# Visual Studio 15
VisualStudioVersion = 15.0.26124.0
MinimumVisualStudioVersion = 15.0.26124.0
Project("{2150E333-8FDC-42A3-9474-1A3956D46DE8}") = "T1-BalancedBrackets", "T1-BalancedBrackets", "{2F416E46-591A-4554-847A-272586646F68}"
EndProject
Project("{F2A71F9B-5D33-465A-A702-920D77279786}") = "BalancedBrackets", "T1-BalancedBrackets\BalancedBrackets\BalancedBrackets.fsproj", "{CA76D5E9-BB20-4B97-86DE-D7CAA417797F}"
EndProject
Project("{2150E333-8FDC-42A3-9474-1A3956D46DE8}") = "T2-PointFree", "T2-PointFree", "{A0636377-C612-42E7-9C0F-4BA897F2D9E0}"
EndProject
Project("{F2A71F9B-5D33-465A-A702-920D77279786}") = "PointFree.Tests", "T2-PointFree\PointFree.Tests\PointFree.Tests.fsproj", "{6BFCFB82-56B2-4228-8332-403BAF22F2FE}"
EndProject
Project("{F2A71F9B-5D33-465A-A702-920D77279786}") = "PointFree", "T2-PointFree\PointFree\PointFree.fsproj", "{C48EA738-2FD4-49C5-BAC5-A8504D8E39F7}"
EndProject
Global
	GlobalSection(SolutionConfigurationPlatforms) = preSolution
		Debug|Any CPU = Debug|Any CPU
		Debug|x64 = Debug|x64
		Debug|x86 = Debug|x86
		Release|Any CPU = Release|Any CPU
		Release|x64 = Release|x64
		Release|x86 = Release|x86
	EndGlobalSection
	GlobalSection(SolutionProperties) = preSolution
		HideSolutionNode = FALSE
	EndGlobalSection
	GlobalSection(ProjectConfigurationPlatforms) = postSolution
		{CA76D5E9-BB20-4B97-86DE-D7CAA417797F}.Debug|Any CPU.ActiveCfg = Debug|Any CPU
		{CA76D5E9-BB20-4B97-86DE-D7CAA417797F}.Debug|Any CPU.Build.0 = Debug|Any CPU
		{CA76D5E9-BB20-4B97-86DE-D7CAA417797F}.Debug|x64.ActiveCfg = Debug|Any CPU
		{CA76D5E9-BB20-4B97-86DE-D7CAA417797F}.Debug|x64.Build.0 = Debug|Any CPU
		{CA76D5E9-BB20-4B97-86DE-D7CAA417797F}.Debug|x86.ActiveCfg = Debug|Any CPU
		{CA76D5E9-BB20-4B97-86DE-D7CAA417797F}.Debug|x86.Build.0 = Debug|Any CPU
		{CA76D5E9-BB20-4B97-86DE-D7CAA417797F}.Release|Any CPU.ActiveCfg = Release|Any CPU
		{CA76D5E9-BB20-4B97-86DE-D7CAA417797F}.Release|Any CPU.Build.0 = Release|Any CPU
		{CA76D5E9-BB20-4B97-86DE-D7CAA417797F}.Release|x64.ActiveCfg = Release|Any CPU
		{CA76D5E9-BB20-4B97-86DE-D7CAA417797F}.Release|x64.Build.0 = Release|Any CPU
		{CA76D5E9-BB20-4B97-86DE-D7CAA417797F}.Release|x86.ActiveCfg = Release|Any CPU
		{CA76D5E9-BB20-4B97-86DE-D7CAA417797F}.Release|x86.Build.0 = Release|Any CPU
		{6BFCFB82-56B2-4228-8332-403BAF22F2FE}.Debug|Any CPU.ActiveCfg = Debug|Any CPU
		{6BFCFB82-56B2-4228-8332-403BAF22F2FE}.Debug|Any CPU.Build.0 = Debug|Any CPU
		{6BFCFB82-56B2-4228-8332-403BAF22F2FE}.Debug|x64.ActiveCfg = Debug|Any CPU
		{6BFCFB82-56B2-4228-8332-403BAF22F2FE}.Debug|x64.Build.0 = Debug|Any CPU
		{6BFCFB82-56B2-4228-8332-403BAF22F2FE}.Debug|x86.ActiveCfg = Debug|Any CPU
		{6BFCFB82-56B2-4228-8332-403BAF22F2FE}.Debug|x86.Build.0 = Debug|Any CPU
		{6BFCFB82-56B2-4228-8332-403BAF22F2FE}.Release|Any CPU.ActiveCfg = Release|Any CPU
		{6BFCFB82-56B2-4228-8332-403BAF22F2FE}.Release|Any CPU.Build.0 = Release|Any CPU
		{6BFCFB82-56B2-4228-8332-403BAF22F2FE}.Release|x64.ActiveCfg = Release|Any CPU
		{6BFCFB82-56B2-4228-8332-403BAF22F2FE}.Release|x64.Build.0 = Release|Any CPU
		{6BFCFB82-56B2-4228-8332-403BAF22F2FE}.Release|x86.ActiveCfg = Release|Any CPU
		{6BFCFB82-56B2-4228-8332-403BAF22F2FE}.Release|x86.Build.0 = Release|Any CPU
		{C48EA738-2FD4-49C5-BAC5-A8504D8E39F7}.Debug|Any CPU.ActiveCfg = Debug|Any CPU
		{C48EA738-2FD4-49C5-BAC5-A8504D8E39F7}.Debug|Any CPU.Build.0 = Debug|Any CPU
		{C48EA738-2FD4-49C5-BAC5-A8504D8E39F7}.Debug|x64.ActiveCfg = Debug|Any CPU
		{C48EA738-2FD4-49C5-BAC5-A8504D8E39F7}.Debug|x64.Build.0 = Debug|Any CPU
		{C48EA738-2FD4-49C5-BAC5-A8504D8E39F7}.Debug|x86.ActiveCfg = Debug|Any CPU
		{C48EA738-2FD4-49C5-BAC5-A8504D8E39F7}.Debug|x86.Build.0 = Debug|Any CPU
		{C48EA738-2FD4-49C5-BAC5-A8504D8E39F7}.Release|Any CPU.ActiveCfg = Release|Any CPU
		{C48EA738-2FD4-49C5-BAC5-A8504D8E39F7}.Release|Any CPU.Build.0 = Release|Any CPU
		{C48EA738-2FD4-49C5-BAC5-A8504D8E39F7}.Release|x64.ActiveCfg = Release|Any CPU
		{C48EA738-2FD4-49C5-BAC5-A8504D8E39F7}.Release|x64.Build.0 = Release|Any CPU
		{C48EA738-2FD4-49C5-BAC5-A8504D8E39F7}.Release|x86.ActiveCfg = Release|Any CPU
		{C48EA738-2FD4-49C5-BAC5-A8504D8E39F7}.Release|x86.Build.0 = Release|Any CPU
	EndGlobalSection
	GlobalSection(NestedProjects) = preSolution
		{CA76D5E9-BB20-4B97-86DE-D7CAA417797F} = {2F416E46-591A-4554-847A-272586646F68}
		{6BFCFB82-56B2-4228-8332-403BAF22F2FE} = {A0636377-C612-42E7-9C0F-4BA897F2D9E0}
		{C48EA738-2FD4-49C5-BAC5-A8504D8E39F7} = {A0636377-C612-42E7-9C0F-4BA897F2D9E0}
	EndGlobalSection
EndGlobal
